
Microsoft Visual Studio Solution File, Format Version 12.00
# Visual Studio 15
VisualStudioVersion = 15.0.28307.136
MinimumVisualStudioVersion = 10.0.40219.1
Project("{FAE04EC0-301F-11D3-BF4B-00C04F79EFBC}") = "The idle game that only your computer can play", "The idle game that only your computer can play\The idle game that only your computer can play.csproj", "{BBEDF573-C124-4DF5-8550-79F2DFB00741}"
EndProject
Global
	GlobalSection(SolutionConfigurationPlatforms) = preSolution
		Debug|Any CPU = Debug|Any CPU
		Release|Any CPU = Release|Any CPU
	EndGlobalSection
	GlobalSection(ProjectConfigurationPlatforms) = postSolution
		{BBEDF573-C124-4DF5-8550-79F2DFB00741}.Debug|Any CPU.ActiveCfg = Debug|Any CPU
		{BBEDF573-C124-4DF5-8550-79F2DFB00741}.Debug|Any CPU.Build.0 = Debug|Any CPU
		{BBEDF573-C124-4DF5-8550-79F2DFB00741}.Release|Any CPU.ActiveCfg = Release|Any CPU
		{BBEDF573-C124-4DF5-8550-79F2DFB00741}.Release|Any CPU.Build.0 = Release|Any CPU
	EndGlobalSection
	GlobalSection(SolutionProperties) = preSolution
		HideSolutionNode = FALSE
	EndGlobalSection
	GlobalSection(ExtensibilityGlobals) = postSolution
		SolutionGuid = {130016D8-3536-428E-A7CB-BF0DF0B871F1}
	EndGlobalSection
EndGlobal
